<?xml version="1.0" encoding="utf-8"?>
<Project ToolsVersion="4.0" xmlns="http://schemas.microsoft.com/developer/msbuild/2003">
  <ItemGroup>
    <Filter Include="Test">
      <UniqueIdentifier>{ca341254-b355-4e04-a6b8-42f513c02ce4}</UniqueIdentifier>
    </Filter>
  </ItemGroup>
  <ItemGroup>
    <ClCompile Include="$(MSBuildThisFileDirectory)Framework\Define\Render\Camera.cpp" />
    <ClCompile Include="$(MSBuildThisFileDirectory)Framework\Define\Render\Primitive.cpp" />
    <ClCompile Include="$(MSBuildThisFileDirectory)Framework\Device\GameDevice.cpp" />
    <ClCompile Include="$(MSBuildThisFileDirectory)Framework\Graphics\Buffer\IndexBuffer.cpp" />
    <ClCompile Include="$(MSBuildThisFileDirectory)Framework\Graphics\Buffer\VertexAndIndexBuffer.cpp" />
    <ClCompile Include="$(MSBuildThisFileDirectory)Framework\Graphics\Buffer\VertexBuffer.cpp" />
    <ClCompile Include="$(MSBuildThisFileDirectory)Framework\Graphics\ConstantBuffer\ConstantBufferManager.cpp" />
    <ClCompile Include="$(MSBuildThisFileDirectory)Framework\Graphics\Model\Animation.cpp" />
    <ClCompile Include="$(MSBuildThisFileDirectory)Framework\Graphics\Model\AnimationModel.cpp" />
    <ClCompile Include="$(MSBuildThisFileDirectory)Framework\Graphics\Model\Bone.cpp" />
    <ClCompile Include="$(MSBuildThisFileDirectory)Framework\Graphics\Model\FBXLoader.cpp" />
    <ClCompile Include="$(MSBuildThisFileDirectory)Framework\Graphics\Model\Model.cpp" />
    <ClCompile Include="$(MSBuildThisFileDirectory)Framework\Graphics\Model\Motion.cpp" />
    <ClCompile Include="$(MSBuildThisFileDirectory)Framework\Graphics\Particle\Particle.cpp" />
    <ClCompile Include="$(MSBuildThisFileDirectory)Framework\Graphics\Particle\SimpleParticleEmitter.cpp" />
    <ClCompile Include="$(MSBuildThisFileDirectory)Framework\Graphics\Render\RenderTargetView.cpp" />
    <ClCompile Include="$(MSBuildThisFileDirectory)Framework\Graphics\Render\Viewport.cpp" />
    <ClCompile Include="$(MSBuildThisFileDirectory)Framework\Graphics\Renderer\2D\QuadInstance.cpp" />
    <ClCompile Include="$(MSBuildThisFileDirectory)Framework\Graphics\Renderer\RendererCommonBufferStorage.cpp" />
    <ClCompile Include="$(MSBuildThisFileDirectory)Framework\Graphics\Shader\Effect.cpp" />
    <ClCompile Include="$(MSBuildThisFileDirectory)Framework\Graphics\Shader\PixelShader.cpp" />
    <ClCompile Include="$(MSBuildThisFileDirectory)Framework\Graphics\Shader\ShaderResourceView.cpp" />
    <ClCompile Include="$(MSBuildThisFileDirectory)Framework\Graphics\Shader\VertexShader.cpp" />
    <ClCompile Include="$(MSBuildThisFileDirectory)Framework\Graphics\Sprite\Sprite2D.cpp" />
    <ClCompile Include="$(MSBuildThisFileDirectory)Framework\Graphics\Sprite\Sprite3D.cpp" />
    <ClCompile Include="$(MSBuildThisFileDirectory)Framework\Graphics\Sprite\SpriteRenderer.cpp" />
    <ClCompile Include="$(MSBuildThisFileDirectory)Framework\Graphics\String\TextureChar.cpp" />
    <ClCompile Include="$(MSBuildThisFileDirectory)Framework\Graphics\String\TextureString.cpp" />
    <ClCompile Include="$(MSBuildThisFileDirectory)Framework\Graphics\Texture\Sampler.cpp" />
    <ClCompile Include="$(MSBuildThisFileDirectory)Framework\Graphics\Texture\Texture.cpp" />
    <ClCompile Include="$(MSBuildThisFileDirectory)Framework\Graphics\Texture\TextureBuffer.cpp" />
    <ClCompile Include="$(MSBuildThisFileDirectory)Framework\Graphics\Texture\TextureLoader.cpp" />
    <ClCompile Include="$(MSBuildThisFileDirectory)Framework\Graphics\Color4.cpp" />
    <ClCompile Include="$(MSBuildThisFileDirectory)Framework\Graphics\DirectX11GraphicsDevice.cpp" />
    <ClCompile Include="$(MSBuildThisFileDirectory)Framework\Graphics\GraphicsDevice.cpp" />
    <ClCompile Include="$(MSBuildThisFileDirectory)Framework\Graphics\RenderingManager.cpp" />
    <ClCompile Include="$(MSBuildThisFileDirectory)Framework\Input\ControllerUtil.cpp" />
    <ClCompile Include="$(MSBuildThisFileDirectory)Framework\Input\InputManager.cpp" />
    <ClCompile Include="$(MSBuildThisFileDirectory)Framework\Input\Joystick.cpp" />
    <ClCompile Include="$(MSBuildThisFileDirectory)Framework\Input\Keyboard.cpp" />
    <ClCompile Include="$(MSBuildThisFileDirectory)Framework\Input\Mouse.cpp" />
    <ClCompile Include="$(MSBuildThisFileDirectory)Framework\Math\IntVector2.cpp" />
    <ClCompile Include="$(MSBuildThisFileDirectory)Framework\Math\MathUtility.cpp" />
    <ClCompile Include="$(MSBuildThisFileDirectory)Framework\Math\Matrix3x3.cpp" />
    <ClCompile Include="$(MSBuildThisFileDirectory)Framework\Math\Matrix4x3.cpp" />
    <ClCompile Include="$(MSBuildThisFileDirectory)Framework\Math\Matrix4x4.cpp" />
    <ClCompile Include="$(MSBuildThisFileDirectory)Framework\Math\Quaternion.cpp" />
    <ClCompile Include="$(MSBuildThisFileDirectory)Framework\Math\Rect.cpp" />
    <ClCompile Include="$(MSBuildThisFileDirectory)Framework\Math\Vector2.cpp" />
    <ClCompile Include="$(MSBuildThisFileDirectory)Framework\Math\Vector3.cpp" />
    <ClCompile Include="$(MSBuildThisFileDirectory)Framework\Math\Vector4.cpp" />
    <ClCompile Include="$(MSBuildThisFileDirectory)Framework\Scene\Collecter.cpp" />
    <ClCompile Include="$(MSBuildThisFileDirectory)Framework\Scene\Manager.cpp" />
    <ClCompile Include="$(MSBuildThisFileDirectory)Framework\Utility\IO\ByteReader.cpp" />
    <ClCompile Include="$(MSBuildThisFileDirectory)Framework\Utility\Wrap\DirectX.cpp" />
    <ClCompile Include="$(MSBuildThisFileDirectory)Framework\Utility\Wrap\OftenUsed.cpp" />
    <ClCompile Include="$(MSBuildThisFileDirectory)Framework\Utility\Debug.cpp" />
    <ClCompile Include="$(MSBuildThisFileDirectory)Framework\Utility\FPS.cpp" />
    <ClCompile Include="$(MSBuildThisFileDirectory)Framework\Utility\Random.cpp" />
    <ClCompile Include="$(MSBuildThisFileDirectory)Framework\Utility\Transform.cpp" />
    <ClCompile Include="$(MSBuildThisFileDirectory)Framework\Utility\Transform2D.cpp" />
    <ClCompile Include="$(MSBuildThisFileDirectory)Framework\Window\Procedure\CloseProc.cpp" />
    <ClCompile Include="$(MSBuildThisFileDirectory)Framework\Window\Procedure\DestroyProc.cpp" />
    <ClCompile Include="$(MSBuildThisFileDirectory)Framework\Window\Window.cpp" />
    <ClCompile Include="$(MSBuildThisFileDirectory)Framework\Window\WindowProcedures.cpp" />
    <ClCompile Include="$(MSBuildThisFileDirectory)Framework\Game.cpp" />
    <ClCompile Include="$(MSBuildThisFileDirectory)Framework\Graphics\Camera\Camera.cpp" />
    <ClCompile Include="$(MSBuildThisFileDirectory)Framework\Graphics\Camera\PerspectiveCamera.cpp" />
    <ClCompile Include="$(MSBuildThisFileDirectory)Framework\Graphics\Render\DepthStencilView.cpp" />
    <ClCompile Include="$(MSBuildThisFileDirectory)Framework\Graphics\Camera\OrthographicCamera.cpp" />
    <ClCompile Include="$(MSBuildThisFileDirectory)Framework\Graphics\Light\Light.cpp" />
    <ClCompile Include="$(MSBuildThisFileDirectory)Framework\Graphics\Light\DirectionalLight.cpp" />
    <ClCompile Include="$(MSBuildThisFileDirectory)Framework\Graphics\Light\LightManager.cpp" />
    <ClCompile Include="$(MSBuildThisFileDirectory)Framework\Graphics\Light\PointLight.cpp" />
    <ClCompile Include="$(MSBuildThisFileDirectory)Framework\Graphics\Render\AlphaBlend.cpp" />
    <ClCompile Include="$(MSBuildThisFileDirectory)Framework\Graphics\Render\RenderTarget.cpp" />
    <ClCompile Include="$(MSBuildThisFileDirectory)Framework\Graphics\Render\MultiRenderTarget.cpp" />
    <ClCompile Include="$(MSBuildThisFileDirectory)Framework\Graphics\Render\MultiViewport.cpp" />
    <ClCompile Include="$(MSBuildThisFileDirectory)Framework\Define\Path.cpp" />
    <ClCompile Include="$(MSBuildThisFileDirectory)Framework\Define\Window.cpp" />
    <ClCompile Include="$(MSBuildThisFileDirectory)Framework\Utility\Time.cpp" />
    <ClCompile Include="$(MSBuildThisFileDirectory)Framework\Utility\Collision.cpp" />
    <ClCompile Include="$(MSBuildThisFileDirectory)Framework\Graphics\Renderer\3D\Sphere.cpp" />
    <ClCompile Include="$(MSBuildThisFileDirectory)Framework\Graphics\Renderer\IInstance.cpp" />
    <ClCompile Include="$(MSBuildThisFileDirectory)Framework\Graphics\Renderer\3D\Cube.cpp" />
    <ClCompile Include="$(MSBuildThisFileDirectory)Framework\Math\3DPrimitive\OBB3D.cpp" />
    <ClCompile Include="$(MSBuildThisFileDirectory)Framework\Math\3DPrimitive\AABB3D.cpp" />
    <ClCompile Include="$(MSBuildThisFileDirectory)Framework\Graphics\Renderer\ZTexCreater.cpp" />
    <ClCompile Include="$(MSBuildThisFileDirectory)Framework\Graphics\Renderer\BackBufferRenderer.cpp" />
    <ClCompile Include="$(MSBuildThisFileDirectory)Framework\Define\Render\MultiSampleQuarity.cpp" />
    <ClCompile Include="$(MSBuildThisFileDirectory)Framework\Utility\Timer.cpp" />
    <ClCompile Include="$(MSBuildThisFileDirectory)Framework\Graphics\Shader\ComputeShader.cpp" />
    <ClCompile Include="$(MSBuildThisFileDirectory)Framework\Graphics\Shader\GeometoryShader.cpp" />
    <ClCompile Include="$(MSBuildThisFileDirectory)Framework\Graphics\ImGUI\Manager.cpp" />
    <ClCompile Include="$(MSBuildThisFileDirectory)Framework\Utility\ImGUI\FloatField.cpp" />
    <ClCompile Include="$(MSBuildThisFileDirectory)Include\ImGUI\imgui.cpp" />
    <ClCompile Include="$(MSBuildThisFileDirectory)Include\ImGUI\imgui_demo.cpp" />
    <ClCompile Include="$(MSBuildThisFileDirectory)Include\ImGUI\imgui_draw.cpp" />
    <ClCompile Include="$(MSBuildThisFileDirectory)Include\ImGUI\imgui_impl_dx11.cpp" />
    <ClCompile Include="$(MSBuildThisFileDirectory)Include\ImGUI\imgui_impl_win32.cpp" />
    <ClCompile Include="$(MSBuildThisFileDirectory)Include\ImGUI\imgui_widgets.cpp" />
    <ClCompile Include="$(MSBuildThisFileDirectory)Framework\Utility\ImGUI\Button.cpp" />
    <ClCompile Include="$(MSBuildThisFileDirectory)Framework\Utility\ImGUI\IItem.cpp" />
    <ClCompile Include="$(MSBuildThisFileDirectory)Framework\Utility\ImGUI\Text.cpp" />
    <ClCompile Include="$(MSBuildThisFileDirectory)Framework\Utility\ImGUI\Window.cpp" />
    <ClCompile Include="$(MSBuildThisFileDirectory)Framework\Graphics\Particle\GPUParticle.cpp" />
    <ClCompile Include="$(MSBuildThisFileDirectory)Framework\Utility\Resource\FBXModelResourceStorage.cpp" />
    <ClCompile Include="$(MSBuildThisFileDirectory)Framework\Utility\Resource\LoadResourceList.cpp" />
    <ClCompile Include="$(MSBuildThisFileDirectory)Framework\Utility\Resource\PixelShaderResourceStorage.cpp" />
    <ClCompile Include="$(MSBuildThisFileDirectory)Framework\Utility\Resource\ResourceManager.cpp" />
    <ClCompile Include="$(MSBuildThisFileDirectory)Framework\Utility\Resource\TextureResourceStorage.cpp" />
    <ClCompile Include="$(MSBuildThisFileDirectory)Framework\Utility\Resource\VertexShaderResourceStorage.cpp" />
    <ClCompile Include="$(MSBuildThisFileDirectory)Framework\Utility\Resource\GeometoryShaderResourceStorage.cpp" />
    <ClCompile Include="$(MSBuildThisFileDirectory)Framework\Window\Procedure\ImGUIProc.cpp" />
    <ClCompile Include="$(MSBuildThisFileDirectory)Framework\Utility\IO\FBXLoader.cpp" />
  </ItemGroup>
  <ItemGroup>
    <ClInclude Include="$(MSBuildThisFileDirectory)Framework\Define\Render\Animation.h" />
    <ClInclude Include="$(MSBuildThisFileDirectory)Framework\Define\Render\Camera.h" />
    <ClInclude Include="$(MSBuildThisFileDirectory)Framework\Define\Render\CameraType.h" />
    <ClInclude Include="$(MSBuildThisFileDirectory)Framework\Define\Render\LightSettings.h" />
    <ClInclude Include="$(MSBuildThisFileDirectory)Framework\Define\Render\Primitive.h" />
    <ClInclude Include="$(MSBuildThisFileDirectory)Framework\Define\Resource\Model.h" />
    <ClInclude Include="$(MSBuildThisFileDirectory)Framework\Define\Resource\PixelShader.h" />
    <ClInclude Include="$(MSBuildThisFileDirectory)Framework\Define\Resource\VertexShader.h" />
    <ClInclude Include="$(MSBuildThisFileDirectory)Framework\Device\GameDevice.h" />
    <ClInclude Include="$(MSBuildThisFileDirectory)Framework\Graphics\Buffer\IndexBuffer.h" />
    <ClInclude Include="$(MSBuildThisFileDirectory)Framework\Graphics\Buffer\IndexBufferBindData.h" />
    <ClInclude Include="$(MSBuildThisFileDirectory)Framework\Graphics\Buffer\VertexAndIndexBuffer.h" />
    <ClInclude Include="$(MSBuildThisFileDirectory)Framework\Graphics\Buffer\VertexBuffer.h" />
    <ClInclude Include="$(MSBuildThisFileDirectory)Framework\Graphics\Buffer\VertexBufferBindData.h" />
    <ClInclude Include="$(MSBuildThisFileDirectory)Framework\Graphics\ConstantBuffer\BoneMatrixCBufferStruct.h" />
    <ClInclude Include="$(MSBuildThisFileDirectory)Framework\Graphics\ConstantBuffer\CameraNumCBufferStruct.h" />
    <ClInclude Include="$(MSBuildThisFileDirectory)Framework\Graphics\ConstantBuffer\ColorCBufferStruct.h" />
    <ClInclude Include="$(MSBuildThisFileDirectory)Framework\Graphics\ConstantBuffer\ConstantBuffer.h" />
    <ClInclude Include="$(MSBuildThisFileDirectory)Framework\Graphics\ConstantBuffer\ConstantBufferManager.h" />
    <ClInclude Include="$(MSBuildThisFileDirectory)Framework\Graphics\ConstantBuffer\ConstantBufferParameterType.h" />
    <ClInclude Include="$(MSBuildThisFileDirectory)Framework\Graphics\ConstantBuffer\ConstantBufferTypeManager.h" />
    <ClInclude Include="$(MSBuildThisFileDirectory)Framework\Graphics\ConstantBuffer\DirectionalLightCBufferStruct.h" />
    <ClInclude Include="$(MSBuildThisFileDirectory)Framework\Graphics\ConstantBuffer\LightingCBufferStruct.h" />
    <ClInclude Include="$(MSBuildThisFileDirectory)Framework\Graphics\ConstantBuffer\MaterialCBufferStruct.h" />
    <ClInclude Include="$(MSBuildThisFileDirectory)Framework\Graphics\ConstantBuffer\MVPMatrixCBufferStruct.h" />
    <ClInclude Include="$(MSBuildThisFileDirectory)Framework\Graphics\ConstantBuffer\PointLightCBufferStruct.h" />
    <ClInclude Include="$(MSBuildThisFileDirectory)Framework\Graphics\ConstantBuffer\UVInfoCBufferStruct.h" />
    <ClInclude Include="$(MSBuildThisFileDirectory)Framework\Graphics\Model\Animation.h" />
    <ClInclude Include="$(MSBuildThisFileDirectory)Framework\Graphics\Model\AnimationModel.h" />
    <ClInclude Include="$(MSBuildThisFileDirectory)Framework\Graphics\Model\Bone.h" />
    <ClInclude Include="$(MSBuildThisFileDirectory)Framework\Graphics\Model\FBXLoader.h" />
    <ClInclude Include="$(MSBuildThisFileDirectory)Framework\Graphics\Model\Model.h" />
    <ClInclude Include="$(MSBuildThisFileDirectory)Framework\Graphics\Model\Motion.h" />
    <ClInclude Include="$(MSBuildThisFileDirectory)Framework\Graphics\Particle\Particle.h" />
    <ClInclude Include="$(MSBuildThisFileDirectory)Framework\Graphics\Particle\ParticleEmitter.h" />
    <ClInclude Include="$(MSBuildThisFileDirectory)Framework\Graphics\Particle\SimpleParticleEmitter.h" />
    <ClInclude Include="$(MSBuildThisFileDirectory)Framework\Graphics\Render\RenderTargetView.h" />
    <ClInclude Include="$(MSBuildThisFileDirectory)Framework\Graphics\Render\Viewport.h" />
    <ClInclude Include="$(MSBuildThisFileDirectory)Framework\Graphics\Renderer\2D\QuadInstance.h" />
    <ClInclude Include="$(MSBuildThisFileDirectory)Framework\Graphics\Renderer\RendererCommonBufferStorage.h" />
    <ClInclude Include="$(MSBuildThisFileDirectory)Framework\Graphics\Renderer\RendererInstanceType.h" />
    <ClInclude Include="$(MSBuildThisFileDirectory)Framework\Graphics\Shader\Effect.h" />
    <ClInclude Include="$(MSBuildThisFileDirectory)Framework\Graphics\Shader\PixelShader.h" />
    <ClInclude Include="$(MSBuildThisFileDirectory)Framework\Graphics\Shader\PixelShaderData.h" />
    <ClInclude Include="$(MSBuildThisFileDirectory)Framework\Graphics\Shader\ShaderBase.h" />
    <ClInclude Include="$(MSBuildThisFileDirectory)Framework\Graphics\Shader\ShaderInputType.h" />
    <ClInclude Include="$(MSBuildThisFileDirectory)Framework\Graphics\Shader\ShaderResourceView.h" />
    <ClInclude Include="$(MSBuildThisFileDirectory)Framework\Graphics\Shader\VertexShader.h" />
    <ClInclude Include="$(MSBuildThisFileDirectory)Framework\Graphics\Shader\VertexShaderData.h" />
    <ClInclude Include="$(MSBuildThisFileDirectory)Framework\Graphics\Sprite\Sprite2D.h" />
    <ClInclude Include="$(MSBuildThisFileDirectory)Framework\Graphics\Sprite\Sprite3D.h" />
    <ClInclude Include="$(MSBuildThisFileDirectory)Framework\Graphics\Sprite\SpriteRenderer.h" />
    <ClInclude Include="$(MSBuildThisFileDirectory)Framework\Graphics\String\TextureChar.h" />
    <ClInclude Include="$(MSBuildThisFileDirectory)Framework\Graphics\String\TextureString.h" />
    <ClInclude Include="$(MSBuildThisFileDirectory)Framework\Graphics\Texture\Sampler.h" />
    <ClInclude Include="$(MSBuildThisFileDirectory)Framework\Graphics\Texture\Texture.h" />
    <ClInclude Include="$(MSBuildThisFileDirectory)Framework\Graphics\Texture\TextureBuffer.h" />
    <ClInclude Include="$(MSBuildThisFileDirectory)Framework\Graphics\Texture\TextureLoader.h" />
    <ClInclude Include="$(MSBuildThisFileDirectory)Framework\Graphics\Vertex\Vertex.h" />
    <ClInclude Include="$(MSBuildThisFileDirectory)Framework\Graphics\Color4.h" />
    <ClInclude Include="$(MSBuildThisFileDirectory)Framework\Graphics\DirectX11GraphicsDevice.h" />
    <ClInclude Include="$(MSBuildThisFileDirectory)Framework\Graphics\GraphicsDevice.h" />
    <ClInclude Include="$(MSBuildThisFileDirectory)Framework\Graphics\RenderingManager.h" />
    <ClInclude Include="$(MSBuildThisFileDirectory)Framework\Input\ButtonID.h" />
    <ClInclude Include="$(MSBuildThisFileDirectory)Framework\Input\ControllerUtil.h" />
    <ClInclude Include="$(MSBuildThisFileDirectory)Framework\Input\ID.h" />
    <ClInclude Include="$(MSBuildThisFileDirectory)Framework\Input\InputManager.h" />
    <ClInclude Include="$(MSBuildThisFileDirectory)Framework\Input\Joystick.h" />
    <ClInclude Include="$(MSBuildThisFileDirectory)Framework\Input\Keyboard.h" />
    <ClInclude Include="$(MSBuildThisFileDirectory)Framework\Input\KeyCode.h" />
    <ClInclude Include="$(MSBuildThisFileDirectory)Framework\Input\Mouse.h" />
    <ClInclude Include="$(MSBuildThisFileDirectory)Framework\Math\IntVector2.h" />
    <ClInclude Include="$(MSBuildThisFileDirectory)Framework\Math\MathUtility.h" />
    <ClInclude Include="$(MSBuildThisFileDirectory)Framework\Math\Matrix3x3.h" />
    <ClInclude Include="$(MSBuildThisFileDirectory)Framework\Math\Matrix4x3.h" />
    <ClInclude Include="$(MSBuildThisFileDirectory)Framework\Math\Matrix4x4.h" />
    <ClInclude Include="$(MSBuildThisFileDirectory)Framework\Math\Primitive2D.h" />
    <ClInclude Include="$(MSBuildThisFileDirectory)Framework\Math\Quaternion.h" />
    <ClInclude Include="$(MSBuildThisFileDirectory)Framework\Math\Rect.h" />
    <ClInclude Include="$(MSBuildThisFileDirectory)Framework\Math\Vector2.h" />
    <ClInclude Include="$(MSBuildThisFileDirectory)Framework\Math\Vector3.h" />
    <ClInclude Include="$(MSBuildThisFileDirectory)Framework\Math\Vector4.h" />
    <ClInclude Include="$(MSBuildThisFileDirectory)Framework\Scene\Collecter.h" />
    <ClInclude Include="$(MSBuildThisFileDirectory)Framework\Scene\Manager.h" />
    <ClInclude Include="$(MSBuildThisFileDirectory)Framework\Scene\SceneBase.h" />
    <ClInclude Include="$(MSBuildThisFileDirectory)Framework\Scene\SceneDataBase.h" />
    <ClInclude Include="$(MSBuildThisFileDirectory)Framework\Utility\IO\ByteReader.h" />
    <ClInclude Include="$(MSBuildThisFileDirectory)Framework\Utility\STLExtend\ExtendUnorderedMap.h" />
    <ClInclude Include="$(MSBuildThisFileDirectory)Framework\Utility\Wrap\DirectX.h" />
    <ClInclude Include="$(MSBuildThisFileDirectory)Framework\Utility\Wrap\OftenUsed.h" />
    <ClInclude Include="$(MSBuildThisFileDirectory)Framework\Utility\Debug.h" />
    <ClInclude Include="$(MSBuildThisFileDirectory)Framework\Utility\FPS.h" />
    <ClInclude Include="$(MSBuildThisFileDirectory)Framework\Utility\HashCombine.h" />
    <ClInclude Include="$(MSBuildThisFileDirectory)Framework\Utility\Random.h" />
    <ClInclude Include="$(MSBuildThisFileDirectory)Framework\Utility\Singleton.h" />
    <ClInclude Include="$(MSBuildThisFileDirectory)Framework\Utility\StringBuilder.h" />
    <ClInclude Include="$(MSBuildThisFileDirectory)Framework\Utility\Transform.h" />
    <ClInclude Include="$(MSBuildThisFileDirectory)Framework\Utility\Transform2D.h" />
    <ClInclude Include="$(MSBuildThisFileDirectory)Framework\Window\Procedure\CloseProc.h" />
    <ClInclude Include="$(MSBuildThisFileDirectory)Framework\Window\Procedure\DestroyProc.h" />
    <ClInclude Include="$(MSBuildThisFileDirectory)Framework\Window\Procedure\IWindowProc.h" />
    <ClInclude Include="$(MSBuildThisFileDirectory)Framework\Window\Window.h" />
    <ClInclude Include="$(MSBuildThisFileDirectory)Framework\Window\WindowProcedures.h" />
    <ClInclude Include="$(MSBuildThisFileDirectory)Framework\Game.h" />
    <ClInclude Include="$(MSBuildThisFileDirectory)Framework\Graphics\Camera\Camera.h" />
    <ClInclude Include="$(MSBuildThisFileDirectory)Framework\Graphics\Camera\PerspectiveCamera.h" />
    <ClInclude Include="$(MSBuildThisFileDirectory)Framework\Graphics\Render\DepthStencilView.h" />
    <ClInclude Include="$(MSBuildThisFileDirectory)Framework\Graphics\Camera\OrthographicCamera.h" />
    <ClInclude Include="$(MSBuildThisFileDirectory)Framework\Graphics\Light\DirectionalLight.h" />
    <ClInclude Include="$(MSBuildThisFileDirectory)Framework\Graphics\Light\Light.h" />
    <ClInclude Include="$(MSBuildThisFileDirectory)Framework\Graphics\Light\LightManager.h" />
    <ClInclude Include="$(MSBuildThisFileDirectory)Framework\Define\Render\LightType.h" />
    <ClInclude Include="$(MSBuildThisFileDirectory)Framework\Graphics\Light\PointLight.h" />
    <ClInclude Include="$(MSBuildThisFileDirectory)Framework\Graphics\Render\AlphaBlend.h" />
    <ClInclude Include="$(MSBuildThisFileDirectory)Framework\Graphics\Render\AlphaBlendSetting.h" />
    <ClInclude Include="$(MSBuildThisFileDirectory)Framework\Graphics\Render\RenderTarget.h" />
    <ClInclude Include="$(MSBuildThisFileDirectory)Framework\Graphics\Render\MultiRenderTarget.h" />
    <ClInclude Include="$(MSBuildThisFileDirectory)Framework\Graphics\Render\MultiViewport.h" />
    <ClInclude Include="$(MSBuildThisFileDirectory)Framework\Define\Window.h" />
    <ClInclude Include="$(MSBuildThisFileDirectory)Framework\Define\Path.h" />
    <ClInclude Include="$(MSBuildThisFileDirectory)Framework\Define\SceneType.h" />
    <ClInclude Include="$(MSBuildThisFileDirectory)Framework\Graphics\Render\SRVFlag.h" />
    <ClInclude Include="$(MSBuildThisFileDirectory)Framework\Graphics\Desc\RenderTargetViewDesc.h" />
    <ClInclude Include="$(MSBuildThisFileDirectory)Framework\Graphics\Desc\DepthStencilDesc.h" />
    <ClInclude Include="$(MSBuildThisFileDirectory)Framework\Utility\Time.h" />
    <ClInclude Include="$(MSBuildThisFileDirectory)Framework\Define\Game.h" />
    <ClInclude Include="$(MSBuildThisFileDirectory)Framework\Utility\Collision.h" />
    <ClInclude Include="$(MSBuildThisFileDirectory)Framework\Graphics\Renderer\3D\Sphere.h" />
    <ClInclude Include="$(MSBuildThisFileDirectory)Framework\Graphics\Renderer\IInstance.h" />
    <ClInclude Include="$(MSBuildThisFileDirectory)Framework\Graphics\Renderer\3D\Cube.h" />
    <ClInclude Include="$(MSBuildThisFileDirectory)Framework\Math\3DPrimitive\OBB3D.h" />
    <ClInclude Include="$(MSBuildThisFileDirectory)Framework\Math\3DPrimitive\AABB3D.h" />
    <ClInclude Include="$(MSBuildThisFileDirectory)Framework\Math\3DPrimitive\Primitive3D.h" />
    <ClInclude Include="$(MSBuildThisFileDirectory)Framework\Utility\Property.h" />
    <ClInclude Include="$(MSBuildThisFileDirectory)Framework\Graphics\Renderer\IRenderer.h" />
    <ClInclude Include="$(MSBuildThisFileDirectory)Framework\Graphics\Renderer\ZTexCreater.h" />
    <ClInclude Include="$(MSBuildThisFileDirectory)Framework\Graphics\Renderer\BackBufferRenderer.h" />
    <ClInclude Include="$(MSBuildThisFileDirectory)Framework\Define\Resource\Texture.h" />
    <ClInclude Include="$(MSBuildThisFileDirectory)Framework\Define\Render\MultiSampleQuarity.h" />
    <ClInclude Include="$(MSBuildThisFileDirectory)Framework\Utility\Timer.h" />
    <ClInclude Include="$(MSBuildThisFileDirectory)Framework\Utility\Range.h" />
    <ClInclude Include="$(MSBuildThisFileDirectory)Framework\Graphics\Shader\ComputeShader.h" />
    <ClInclude Include="$(MSBuildThisFileDirectory)Framework\Graphics\Shader\ComputeShaderData.h" />
    <ClInclude Include="$(MSBuildThisFileDirectory)Framework\Graphics\Shader\GeometoryShader.h" />
    <ClInclude Include="$(MSBuildThisFileDirectory)Framework\Graphics\Shader\GeometoryShaderData.h" />
    <ClInclude Include="$(MSBuildThisFileDirectory)Framework\Graphics\ImGUI\Manager.h" />
    <ClInclude Include="$(MSBuildThisFileDirectory)Framework\Utility\ImGUI\FloatField.h" />
    <ClInclude Include="$(MSBuildThisFileDirectory)Include\ImGUI\imconfig.h" />
    <ClInclude Include="$(MSBuildThisFileDirectory)Include\ImGUI\imgui.h" />
    <ClInclude Include="$(MSBuildThisFileDirectory)Include\ImGUI\imgui_impl_dx11.h" />
    <ClInclude Include="$(MSBuildThisFileDirectory)Include\ImGUI\imgui_impl_win32.h" />
    <ClInclude Include="$(MSBuildThisFileDirectory)Include\ImGUI\imgui_internal.h" />
    <ClInclude Include="$(MSBuildThisFileDirectory)Include\ImGUI\imstb_rectpack.h" />
    <ClInclude Include="$(MSBuildThisFileDirectory)Include\ImGUI\imstb_textedit.h" />
    <ClInclude Include="$(MSBuildThisFileDirectory)Include\ImGUI\imstb_truetype.h" />
    <ClInclude Include="$(MSBuildThisFileDirectory)Framework\Utility\ImGUI\Button.h" />
    <ClInclude Include="$(MSBuildThisFileDirectory)Framework\Utility\ImGUI\IItem.h" />
    <ClInclude Include="$(MSBuildThisFileDirectory)Framework\Utility\ImGUI\ImGUI.h" />
    <ClInclude Include="$(MSBuildThisFileDirectory)Framework\Utility\ImGUI\Text.h" />
    <ClInclude Include="$(MSBuildThisFileDirectory)Framework\Utility\ImGUI\Window.h" />
    <ClInclude Include="$(MSBuildThisFileDirectory)Framework\Graphics\Particle\GPUParticle.h" />
    <ClInclude Include="$(MSBuildThisFileDirectory)Framework\Utility\Resource\AbstractResourceStorage.h" />
    <ClInclude Include="$(MSBuildThisFileDirectory)Framework\Utility\Resource\FBXModelResourceStorage.h" />
    <ClInclude Include="$(MSBuildThisFileDirectory)Framework\Utility\Resource\LoadResourceList.h" />
    <ClInclude Include="$(MSBuildThisFileDirectory)Framework\Utility\Resource\PixelShaderResourceStorage.h" />
    <ClInclude Include="$(MSBuildThisFileDirectory)Framework\Utility\Resource\ResourceManager.h" />
    <ClInclude Include="$(MSBuildThisFileDirectory)Framework\Utility\Resource\TextureResourceStorage.h" />
    <ClInclude Include="$(MSBuildThisFileDirectory)Framework\Utility\Resource\VertexShaderResourceStorage.h" />
    <ClInclude Include="$(MSBuildThisFileDirectory)Framework\Define\Resource\GeometoryShader.h" />
    <ClInclude Include="$(MSBuildThisFileDirectory)Framework\Utility\Resource\GeometoryShaderResourceStorage.h" />
    <ClInclude Include="$(MSBuildThisFileDirectory)Framework\Window\Procedure\ImGUIProc.h" />
    <ClInclude Include="$(MSBuildThisFileDirectory)Framework\Utility\IO\FBXLoader.h" />
  </ItemGroup>
</Project>