<?xml version="1.0" encoding="utf-8"?>
<Project ToolsVersion="4.0" xmlns="http://schemas.microsoft.com/developer/msbuild/2003">
  <ItemGroup>
    <ClCompile Include="main.cpp" />
    <ClCompile Include="stdafx.cpp" />
    <ClCompile Include="Source\Scene\Impl\RenderModel.cpp" />
    <ClCompile Include="Source\Scene\Impl\Shadow\Shadow.cpp" />
    <ClCompile Include="Source\Scene\Impl\GPUParticle\BlackholeParticle.cpp" />
    <ClCompile Include="Source\Scene\Impl\GPUParticle\GPUParticleBase.cpp" />
    <ClCompile Include="Source\Utility\Shader\ShaderLoad.cpp" />
    <ClCompile Include="Source\Scene\Impl\GPUParticle\WormholeParticle.cpp" />
    <ClCompile Include="Source\Utility\ImGUI\AddField.cpp" />
    <ClCompile Include="Source\Scene\Impl\GPUParticle\FallParticle.cpp" />
    <ClCompile Include="Source\Scene\Impl\GPUParticle\IceBlock.cpp" />
    <ClCompile Include="Source\Scene\Impl\GPUParticle\Firefly.cpp" />
  </ItemGroup>
  <ItemGroup>
    <ClInclude Include="stdafx.h" />
    <ClInclude Include="Source\Scene\Data\MainData.h" />
    <ClInclude Include="Source\Scene\Data\ParticleTestData.h" />
    <ClInclude Include="Source\Scene\Data\TitleData.h" />
    <ClInclude Include="Source\Scene\Impl\RenderModel.h" />
    <ClInclude Include="Source\Scene\Impl\Shadow\Shadow.h" />
    <ClInclude Include="Source\Scene\Impl\GPUParticle\BlackholeParticle.h" />
    <ClInclude Include="Source\Scene\Impl\GPUParticle\GPUParticleBase.h" />
    <ClInclude Include="Source\Utility\Shader\ShaderLoad.h" />
    <ClInclude Include="Source\Scene\Impl\GPUParticle\WormholeParticle.h" />
    <ClInclude Include="Source\Utility\ImGUI\AddField.h" />
    <ClInclude Include="Source\Scene\Impl\GPUParticle\FallParticle.h" />
    <ClInclude Include="Source\Scene\Impl\GPUParticle\IceBlock.h" />
    <ClInclude Include="Source\Scene\Impl\GPUParticle\Firefly.h" />
  </ItemGroup>
  <ItemGroup>
    <FxCompile Include="Resources\Shader\Model\Model_VS.hlsl" />
    <FxCompile Include="Resources\Shader\Model\Model_PS.hlsl" />
    <FxCompile Include="Resources\Shader\Model\Model_NoTexture_PS.hlsl" />
    <FxCompile Include="Resources\Shader\Model\Model_Diffuse_PS.hlsl" />
    <FxCompile Include="Resources\Shader\Model\Model_Diffuse_Split4Color_PS.hlsl" />
    <FxCompile Include="Resources\Shader\3D\Only_Position_VS.hlsl" />
    <FxCompile Include="Resources\Shader\3D\Output_Color_PS.hlsl" />
    <FxCompile Include="Resources\Shader\2D\NoActionVS.hlsl" />
    <FxCompile Include="Resources\Shader\2D\Texture2D_Color_PS.hlsl" />
    <FxCompile Include="Resources\Shader\ShadowMap\ShadowMapCreate_VS.hlsl" />
    <FxCompile Include="Resources\Shader\ShadowMap\Depth_PS.hlsl" />
    <FxCompile Include="Resources\Shader\ShadowMap\ShadowMap_VS.hlsl" />
    <FxCompile Include="Resources\Shader\ShadowMap\ShadowMap_PS.hlsl" />
    <FxCompile Include="Resources\Shader\NoDelete\Texture2D_PS.hlsl" />
    <FxCompile Include="Resources\Shader\NoDelete\Texture2D_VS.hlsl" />
    <FxCompile Include="Resources\Shader\Particle\Geometry\Quad_GS.hlsl" />
    <FxCompile Include="Resources\Shader\Particle\Blackhole\CS.hlsl" />
    <FxCompile Include="Resources\Shader\Particle\Blackhole\VS.hlsl" />
    <FxCompile Include="Resources\Shader\Particle\Wormhole\VS.hlsl" />
    <FxCompile Include="Resources\Shader\Particle\Wormhole\CS.hlsl" />
    <FxCompile Include="Resources\Shader\Particle\Geometry\Cube_GS.hlsl" />
    <FxCompile Include="Resources\Shader\Particle\Output_Color_PS.hlsl" />
    <FxCompile Include="Resources\Shader\Particle\Fall\VS.hlsl" />
    <FxCompile Include="Resources\Shader\Particle\Fall\CS.hlsl" />
    <FxCompile Include="Resources\Shader\Particle\IceBlock\CS.hlsl" />
    <FxCompile Include="Resources\Shader\Particle\IceBlock\VS.hlsl" />
    <FxCompile Include="Resources\Shader\Particle\IceBlock\GS.hlsl" />
    <FxCompile Include="Resources\Shader\Particle\Firefly\CS.hlsl" />
    <FxCompile Include="Resources\Shader\Particle\Firefly\VS.hlsl" />
    <FxCompile Include="Resources\Shader\Particle\Firefly\GS.hlsl" />
    <FxCompile Include="Resources\Shader\Particle\Firefly\PS.hlsl" />
    <FxCompile Include="Resources\Shader\MRT\Blend_PS.hlsl" />
  </ItemGroup>
  <ItemGroup>
    <None Include="Resources\Shader\Utility\ShaderDefine.hlsli" />
    <None Include="Resources\Shader\Utility\UtilFunc.hlsli" />
    <None Include="Resources\Shader\Utility\ComputeShaderDefine.hlsli" />
    <None Include="Resources\Shader\Particle\Util\GPUParticleDefine.hlsli" />
    <None Include="Resources\Shader\Particle\Util\UtilFunc.hlsli" />
  </ItemGroup>
</Project>