<?xml version="1.0" encoding="utf-8"?>
<Project ToolsVersion="4.0" xmlns="http://schemas.microsoft.com/developer/msbuild/2003">
  <ItemGroup>
    <ClCompile Include="main.cpp" />
    <ClCompile Include="stdafx.cpp" />
    <ClCompile Include="Source\Scene\Impl\ParticleTest.cpp" />
    <ClCompile Include="Source\Scene\Impl\Title.cpp" />
    <ClCompile Include="Source\Scene\Impl\DepthStencilTest.cpp" />
    <ClCompile Include="Source\Scene\Impl\NormalLightingTest.cpp" />
    <ClCompile Include="Source\Scene\Impl\ShadowMapTest.cpp" />
    <ClCompile Include="Source\Scene\Impl\MultiRenderTargetTest.cpp" />
    <ClCompile Include="Source\Scene\Impl\AlphaBlendTest.cpp" />
    <ClCompile Include="Source\Scene\Impl\Main.cpp" />
    <ClCompile Include="Source\GameObject\GameObjectManager.cpp" />
    <ClCompile Include="Source\GameObject\Player.cpp" />
    <ClCompile Include="Source\GameObject\Wall.cpp" />
    <ClCompile Include="Source\GameObject\GameObject3D.cpp" />
    <ClCompile Include="Source\GameObject\Floor.cpp" />
    <ClCompile Include="Source\GameObject\Bullet.cpp" />
  </ItemGroup>
  <ItemGroup>
    <ClInclude Include="stdafx.h" />
    <ClInclude Include="Source\Scene\Impl\ParticleTest.h" />
    <ClInclude Include="Source\Scene\Impl\Title.h" />
    <ClInclude Include="Source\Scene\Data\MainData.h" />
    <ClInclude Include="Source\Scene\Data\ParticleTestData.h" />
    <ClInclude Include="Source\Scene\Data\TitleData.h" />
    <ClInclude Include="Source\Scene\Impl\DepthStencilTest.h" />
    <ClInclude Include="Source\Scene\Impl\NormalLightingTest.h" />
    <ClInclude Include="Source\Scene\Impl\ShadowMapTest.h" />
    <ClInclude Include="Source\Scene\Impl\MultiRenderTargetTest.h" />
    <ClInclude Include="Source\Scene\Impl\AlphaBlendTest.h" />
    <ClInclude Include="Source\Scene\Impl\Main.h" />
    <ClInclude Include="Source\GameObject\GameObjectManager.h" />
    <ClInclude Include="Source\GameObject\GameObject.h" />
    <ClInclude Include="Source\GameObject\Player.h" />
    <ClInclude Include="Source\GameObject\Wall.h" />
    <ClInclude Include="Source\GameObject\Floor.h" />
    <ClInclude Include="Source\GameObject\GameObject3D.h" />
    <ClInclude Include="Source\GameObject\IMainSceneMediator.h" />
    <ClInclude Include="Source\GameObject\Bullet.h" />
  </ItemGroup>
  <ItemGroup>
    <FxCompile Include="Resources\Shader\Model\Model_Lighting_PS.hlsl" />
    <FxCompile Include="Resources\Shader\Model\Model_Lighting_VS.hlsl" />
    <FxCompile Include="Resources\Shader\2D\Texture2D_VS.hlsl" />
    <FxCompile Include="Resources\Shader\2D\Texture2D_PS.hlsl" />
    <FxCompile Include="Resources\Shader\Model\Model_VS.hlsl" />
    <FxCompile Include="Resources\Shader\Model\Model_PS.hlsl" />
    <FxCompile Include="Resources\Shader\Model\Model_NoTexture_PS.hlsl" />
    <FxCompile Include="Resources\Shader\Model\Model_Diffuse_PS.hlsl" />
    <FxCompile Include="Resources\Shader\Model\Model_Diffuse_Lighting_PS.hlsl" />
    <FxCompile Include="Resources\Shader\Model\Output_Z_VS.hlsl" />
    <FxCompile Include="Resources\Shader\Model\Output_Z_PS.hlsl" />
    <FxCompile Include="Resources\Shader\Model\Model_Shadow_VS.hlsl" />
    <FxCompile Include="Resources\Shader\Model\Model_Shadow_PS.hlsl" />
    <FxCompile Include="Resources\Shader\Model\Model_Diffuse_Split4Color_PS.hlsl" />
  </ItemGroup>
  <ItemGroup>
    <None Include="Resources\Shader\Utility\ShaderDefine.hlsli" />
  </ItemGroup>
</Project>