
Microsoft Visual Studio Solution File, Format Version 12.00
# Visual Studio 15
VisualStudioVersion = 15.0.28307.757
MinimumVisualStudioVersion = 10.0.40219.1
Project("{8BC9CEB8-8B4A-11D0-8D11-00A0C91BC942}") = "Application", "Application\Application.vcxproj", "{6C71651E-39B9-4B02-BE14-EAA44BE10037}"
EndProject
Project("{2150E333-8FDC-42A3-9474-1A3956D46DE8}") = "libs", "libs", "{824C151A-A820-4018-9ADE-40BC3FFA564F}"
EndProject
Project("{8BC9CEB8-8B4A-11D0-8D11-00A0C91BC942}") = "Framework", "Framework\Framework.vcxitems", "{2BD0B095-5BF6-4C3F-9E1D-798FBEBA12BC}"
EndProject
Global
	GlobalSection(SharedMSBuildProjectFiles) = preSolution
		Framework\Framework.vcxitems*{2bd0b095-5bf6-4c3f-9e1d-798fbeba12bc}*SharedItemsImports = 9
		Framework\Framework.vcxitems*{6c71651e-39b9-4b02-be14-eaa44be10037}*SharedItemsImports = 4
	EndGlobalSection
	GlobalSection(SolutionConfigurationPlatforms) = preSolution
		Debug|x64 = Debug|x64
		Debug|x86 = Debug|x86
		Release|x64 = Release|x64
		Release|x86 = Release|x86
	EndGlobalSection
	GlobalSection(ProjectConfigurationPlatforms) = postSolution
		{6C71651E-39B9-4B02-BE14-EAA44BE10037}.Debug|x64.ActiveCfg = Debug|x64
		{6C71651E-39B9-4B02-BE14-EAA44BE10037}.Debug|x64.Build.0 = Debug|x64
		{6C71651E-39B9-4B02-BE14-EAA44BE10037}.Debug|x86.ActiveCfg = Debug|Win32
		{6C71651E-39B9-4B02-BE14-EAA44BE10037}.Debug|x86.Build.0 = Debug|Win32
		{6C71651E-39B9-4B02-BE14-EAA44BE10037}.Release|x64.ActiveCfg = Release|x64
		{6C71651E-39B9-4B02-BE14-EAA44BE10037}.Release|x64.Build.0 = Release|x64
		{6C71651E-39B9-4B02-BE14-EAA44BE10037}.Release|x86.ActiveCfg = Release|Win32
		{6C71651E-39B9-4B02-BE14-EAA44BE10037}.Release|x86.Build.0 = Release|Win32
	EndGlobalSection
	GlobalSection(SolutionProperties) = preSolution
		HideSolutionNode = FALSE
	EndGlobalSection
	GlobalSection(NestedProjects) = preSolution
		{2BD0B095-5BF6-4C3F-9E1D-798FBEBA12BC} = {824C151A-A820-4018-9ADE-40BC3FFA564F}
	EndGlobalSection
	GlobalSection(ExtensibilityGlobals) = postSolution
		SolutionGuid = {29689183-C288-4E9F-9BC0-16AD0916A194}
	EndGlobalSection
EndGlobal
